<?xml version="1.0" encoding="utf-8"?>
<Project ToolsVersion="4.0" xmlns="http://schemas.microsoft.com/developer/msbuild/2003">
  <ItemGroup>
    <ClCompile Include="c4g_runtime.cpp" />
    <ClCompile Include="c4g_glsl.cpp">
      <Filter>opengl</Filter>
    </ClCompile>
    <ClCompile Include="c4g_utils.cpp">
      <Filter>utils</Filter>
    </ClCompile>
    <ClCompile Include="c4g_context_win.cpp">
      <Filter>opengl\platform\win</Filter>
    </ClCompile>
    <ClCompile Include="c4g_gl.cpp">
      <Filter>opengl</Filter>
    </ClCompile>
    <ClCompile Include="c4g_glpass.cpp">
      <Filter>opengl</Filter>
    </ClCompile>
    <ClCompile Include="c4g_glemitter.cpp">
      <Filter>opengl</Filter>
    </ClCompile>
  </ItemGroup>
  <ItemGroup>
    <ClInclude Include="c4g_runtime.h" />
    <ClInclude Include="c4g_glsl.hpp">
      <Filter>opengl</Filter>
    </ClInclude>
    <ClInclude Include="c4g_utils.hpp">
      <Filter>utils</Filter>
    </ClInclude>
    <ClInclude Include="c4g_context_win.hpp">
      <Filter>opengl\platform\win</Filter>
    </ClInclude>
    <ClInclude Include="c4g_gl.hpp">
      <Filter>opengl</Filter>
    </ClInclude>
    <ClInclude Include="c4g_glpass.hpp">
      <Filter>opengl</Filter>
    </ClInclude>
    <ClInclude Include="c4g_glemitter.hpp">
      <Filter>opengl</Filter>
    </ClInclude>
    <ClInclude Include="..\external\rapidjson\include\rapidjson\allocators.h">
      <Filter>external\rapidjson</Filter>
    </ClInclude>
    <ClInclude Include="..\external\rapidjson\include\rapidjson\document.h">
      <Filter>external\rapidjson</Filter>
    </ClInclude>
    <ClInclude Include="..\external\rapidjson\include\rapidjson\encodedstream.h">
      <Filter>external\rapidjson</Filter>
    </ClInclude>
    <ClInclude Include="..\external\rapidjson\include\rapidjson\encodings.h">
      <Filter>external\rapidjson</Filter>
    </ClInclude>
    <ClInclude Include="..\external\rapidjson\include\rapidjson\filereadstream.h">
      <Filter>external\rapidjson</Filter>
    </ClInclude>
    <ClInclude Include="..\external\rapidjson\include\rapidjson\filewritestream.h">
      <Filter>external\rapidjson</Filter>
    </ClInclude>
    <ClInclude Include="..\external\rapidjson\include\rapidjson\fwd.h">
      <Filter>external\rapidjson</Filter>
    </ClInclude>
    <ClInclude Include="..\external\rapidjson\include\rapidjson\istreamwrapper.h">
      <Filter>external\rapidjson</Filter>
    </ClInclude>
    <ClInclude Include="..\external\rapidjson\include\rapidjson\memorybuffer.h">
      <Filter>external\rapidjson</Filter>
    </ClInclude>
    <ClInclude Include="..\external\rapidjson\include\rapidjson\memorystream.h">
      <Filter>external\rapidjson</Filter>
    </ClInclude>
    <ClInclude Include="..\external\rapidjson\include\rapidjson\ostreamwrapper.h">
      <Filter>external\rapidjson</Filter>
    </ClInclude>
    <ClInclude Include="..\external\rapidjson\include\rapidjson\pointer.h">
      <Filter>external\rapidjson</Filter>
    </ClInclude>
    <ClInclude Include="..\external\rapidjson\include\rapidjson\prettywriter.h">
      <Filter>external\rapidjson</Filter>
    </ClInclude>
    <ClInclude Include="..\external\rapidjson\include\rapidjson\rapidjson.h">
      <Filter>external\rapidjson</Filter>
    </ClInclude>
    <ClInclude Include="..\external\rapidjson\include\rapidjson\reader.h">
      <Filter>external\rapidjson</Filter>
    </ClInclude>
    <ClInclude Include="..\external\rapidjson\include\rapidjson\schema.h">
      <Filter>external\rapidjson</Filter>
    </ClInclude>
    <ClInclude Include="..\external\rapidjson\include\rapidjson\stream.h">
      <Filter>external\rapidjson</Filter>
    </ClInclude>
    <ClInclude Include="..\external\rapidjson\include\rapidjson\stringbuffer.h">
      <Filter>external\rapidjson</Filter>
    </ClInclude>
    <ClInclude Include="..\external\rapidjson\include\rapidjson\writer.h">
      <Filter>external\rapidjson</Filter>
    </ClInclude>
    <ClInclude Include="..\external\rapidjson\include\rapidjson\error\en.h">
      <Filter>external\rapidjson\error</Filter>
    </ClInclude>
    <ClInclude Include="..\external\rapidjson\include\rapidjson\error\error.h">
      <Filter>external\rapidjson\error</Filter>
    </ClInclude>
    <ClInclude Include="..\external\rapidjson\include\rapidjson\internal\biginteger.h">
      <Filter>external\rapidjson\internal</Filter>
    </ClInclude>
    <ClInclude Include="..\external\rapidjson\include\rapidjson\internal\diyfp.h">
      <Filter>external\rapidjson\internal</Filter>
    </ClInclude>
    <ClInclude Include="..\external\rapidjson\include\rapidjson\internal\dtoa.h">
      <Filter>external\rapidjson\internal</Filter>
    </ClInclude>
    <ClInclude Include="..\external\rapidjson\include\rapidjson\internal\ieee754.h">
      <Filter>external\rapidjson\internal</Filter>
    </ClInclude>
    <ClInclude Include="..\external\rapidjson\include\rapidjson\internal\itoa.h">
      <Filter>external\rapidjson\internal</Filter>
    </ClInclude>
    <ClInclude Include="..\external\rapidjson\include\rapidjson\internal\meta.h">
      <Filter>external\rapidjson\internal</Filter>
    </ClInclude>
    <ClInclude Include="..\external\rapidjson\include\rapidjson\internal\pow10.h">
      <Filter>external\rapidjson\internal</Filter>
    </ClInclude>
    <ClInclude Include="..\external\rapidjson\include\rapidjson\internal\regex.h">
      <Filter>external\rapidjson\internal</Filter>
    </ClInclude>
    <ClInclude Include="..\external\rapidjson\include\rapidjson\internal\stack.h">
      <Filter>external\rapidjson\internal</Filter>
    </ClInclude>
    <ClInclude Include="..\external\rapidjson\include\rapidjson\internal\strfunc.h">
      <Filter>external\rapidjson\internal</Filter>
    </ClInclude>
    <ClInclude Include="..\external\rapidjson\include\rapidjson\internal\strtod.h">
      <Filter>external\rapidjson\internal</Filter>
    </ClInclude>
    <ClInclude Include="..\external\rapidjson\include\rapidjson\internal\swap.h">
      <Filter>external\rapidjson\internal</Filter>
    </ClInclude>
    <ClInclude Include="..\external\rapidjson\include\rapidjson\msinttypes\inttypes.h">
      <Filter>external\rapidjson\msinttypes</Filter>
    </ClInclude>
    <ClInclude Include="..\external\rapidjson\include\rapidjson\msinttypes\stdint.h">
      <Filter>external\rapidjson\msinttypes</Filter>
    </ClInclude>
  </ItemGroup>
  <ItemGroup>
    <Filter Include="opengl">
      <UniqueIdentifier>{420ad8c2-dd6e-41b1-b43f-0b9fb221586d}</UniqueIdentifier>
    </Filter>
    <Filter Include="utils">
      <UniqueIdentifier>{49fa85f3-a50b-4d75-aa95-6a2a35790765}</UniqueIdentifier>
    </Filter>
    <Filter Include="opengl\platform">
      <UniqueIdentifier>{137be5d0-5b0c-4b02-a418-e936a17fbbb5}</UniqueIdentifier>
    </Filter>
    <Filter Include="opengl\platform\win">
      <UniqueIdentifier>{c2a7cedf-e610-4d9d-987e-db69a71ac1c2}</UniqueIdentifier>
    </Filter>
    <Filter Include="external">
      <UniqueIdentifier>{af7af75c-c8c3-4734-935c-fedacb0b9b84}</UniqueIdentifier>
    </Filter>
    <Filter Include="external\rapidjson">
      <UniqueIdentifier>{8483a4d8-d33e-4824-a3a4-a6d86f548e80}</UniqueIdentifier>
    </Filter>
    <Filter Include="external\rapidjson\error">
      <UniqueIdentifier>{30017b36-6750-446a-adef-6e80735f875c}</UniqueIdentifier>
    </Filter>
    <Filter Include="external\rapidjson\internal">
      <UniqueIdentifier>{012b0660-a0cf-49cc-9a67-0b41426a77b0}</UniqueIdentifier>
    </Filter>
    <Filter Include="external\rapidjson\msinttypes">
      <UniqueIdentifier>{7a03a3d9-1859-4ffb-b414-0a4e2c833b07}</UniqueIdentifier>
    </Filter>
  </ItemGroup>
</Project>